
Microsoft Visual Studio Solution File, Format Version 12.00
# Visual Studio Version 16
VisualStudioVersion = 16.0.31729.503
MinimumVisualStudioVersion = 10.0.40219.1
Project("{FAE04EC0-301F-11D3-BF4B-00C04F79EFBC}") = "WebApplication1", "WebApplication1\WebApplication1.csproj", "{229E695D-248E-4481-8F0C-723761A10280}"
EndProject
Global
	GlobalSection(SolutionConfigurationPlatforms) = preSolution
		Debug|Any CPU = Debug|Any CPU
		Release|Any CPU = Release|Any CPU
	EndGlobalSection
	GlobalSection(ProjectConfigurationPlatforms) = postSolution
		{229E695D-248E-4481-8F0C-723761A10280}.Debug|Any CPU.ActiveCfg = Debug|Any CPU
		{229E695D-248E-4481-8F0C-723761A10280}.Debug|Any CPU.Build.0 = Debug|Any CPU
		{229E695D-248E-4481-8F0C-723761A10280}.Release|Any CPU.ActiveCfg = Release|Any CPU
		{229E695D-248E-4481-8F0C-723761A10280}.Release|Any CPU.Build.0 = Release|Any CPU
	EndGlobalSection
	GlobalSection(SolutionProperties) = preSolution
		HideSolutionNode = FALSE
	EndGlobalSection
	GlobalSection(ExtensibilityGlobals) = postSolution
		SolutionGuid = {AAAE6185-D314-4296-8376-F33587C8BDAA}
	EndGlobalSection
EndGlobal
